
Microsoft Visual Studio Solution File, Format Version 12.00
# Visual Studio Version 16
VisualStudioVersion = 16.0.29806.167
MinimumVisualStudioVersion = 10.0.40219.1
Project("{9A19103F-16F7-4668-BE54-9A1E7A4F7556}") = "ClientData", "ClientData\ClientData.csproj", "{8200193E-921A-4DA7-A7E8-344CE3057B97}"
EndProject
Project("{9A19103F-16F7-4668-BE54-9A1E7A4F7556}") = "ClientRepo", "ClientRepo\ClientRepo.csproj", "{4145F6EB-B48D-46DE-95B6-FD49771AFA08}"
EndProject
Project("{9A19103F-16F7-4668-BE54-9A1E7A4F7556}") = "ClientData.Data", "ClientData.Data\ClientData.Data.csproj", "{BD937A99-132D-46D9-8816-B3E961F6353E}"
EndProject
Global
	GlobalSection(SolutionConfigurationPlatforms) = preSolution
		Debug|Any CPU = Debug|Any CPU
		Release|Any CPU = Release|Any CPU
	EndGlobalSection
	GlobalSection(ProjectConfigurationPlatforms) = postSolution
		{8200193E-921A-4DA7-A7E8-344CE3057B97}.Debug|Any CPU.ActiveCfg = Debug|Any CPU
		{8200193E-921A-4DA7-A7E8-344CE3057B97}.Debug|Any CPU.Build.0 = Debug|Any CPU
		{8200193E-921A-4DA7-A7E8-344CE3057B97}.Release|Any CPU.ActiveCfg = Release|Any CPU
		{8200193E-921A-4DA7-A7E8-344CE3057B97}.Release|Any CPU.Build.0 = Release|Any CPU
		{4145F6EB-B48D-46DE-95B6-FD49771AFA08}.Debug|Any CPU.ActiveCfg = Debug|Any CPU
		{4145F6EB-B48D-46DE-95B6-FD49771AFA08}.Debug|Any CPU.Build.0 = Debug|Any CPU
		{4145F6EB-B48D-46DE-95B6-FD49771AFA08}.Release|Any CPU.ActiveCfg = Release|Any CPU
		{4145F6EB-B48D-46DE-95B6-FD49771AFA08}.Release|Any CPU.Build.0 = Release|Any CPU
		{BD937A99-132D-46D9-8816-B3E961F6353E}.Debug|Any CPU.ActiveCfg = Debug|Any CPU
		{BD937A99-132D-46D9-8816-B3E961F6353E}.Debug|Any CPU.Build.0 = Debug|Any CPU
		{BD937A99-132D-46D9-8816-B3E961F6353E}.Release|Any CPU.ActiveCfg = Release|Any CPU
		{BD937A99-132D-46D9-8816-B3E961F6353E}.Release|Any CPU.Build.0 = Release|Any CPU
	EndGlobalSection
	GlobalSection(SolutionProperties) = preSolution
		HideSolutionNode = FALSE
	EndGlobalSection
	GlobalSection(ExtensibilityGlobals) = postSolution
		SolutionGuid = {BEA93D29-2B9C-4ABF-8CD3-DB7740E68B2B}
	EndGlobalSection
EndGlobal
